// !$*UTF8*$!
{
	archiveVersion = 1;
	classes = {
	};
	objectVersion = 46;
	objects = {

/* Begin PBXBuildFile section */
		C3488D211502B01400398321 /* UIKit.framework in Frameworks */ = {isa = PBXBuildFile; fileRef = C3488D201502B01400398321 /* UIKit.framework */; };
		C3488D231502B01400398321 /* Foundation.framework in Frameworks */ = {isa = PBXBuildFile; fileRef = C3488D221502B01400398321 /* Foundation.framework */; };
		C3488D251502B01400398321 /* CoreGraphics.framework in Frameworks */ = {isa = PBXBuildFile; fileRef = C3488D241502B01400398321 /* CoreGraphics.framework */; };
		C3488D2B1502B01400398321 /* InfoPlist.strings in Resources */ = {isa = PBXBuildFile; fileRef = C3488D291502B01400398321 /* InfoPlist.strings */; };
		C3488D2D1502B01400398321 /* main.m in Sources */ = {isa = PBXBuildFile; fileRef = C3488D2C1502B01400398321 /* main.m */; };
		C3488D311502B01400398321 /* AppDelegate.m in Sources */ = {isa = PBXBuildFile; fileRef = C3488D301502B01400398321 /* AppDelegate.m */; };
		C3488D341502B01400398321 /* ViewController.m in Sources */ = {isa = PBXBuildFile; fileRef = C3488D331502B01400398321 /* ViewController.m */; };
		C3488D371502B01400398321 /* ViewController.xib in Resources */ = {isa = PBXBuildFile; fileRef = C3488D351502B01400398321 /* ViewController.xib */; };
/* End PBXBuildFile section */

/* Begin PBXFileReference section */
		C3488D1C1502B01400398321 /* delit.app */ = {isa = PBXFileReference; explicitFileType = wrapper.application; includeInIndex = 0; path = delit.app; sourceTree = BUILT_PRODUCTS_DIR; };
		C3488D201502B01400398321 /* UIKit.framework */ = {isa = PBXFileReference; lastKnownFileType = wrapper.framework; name = UIKit.framework; path = System/Library/Frameworks/UIKit.framework; sourceTree = SDKROOT; };
		C3488D221502B01400398321 /* Foundation.framework */ = {isa = PBXFileReference; lastKnownFileType = wrapper.framework; name = Foundation.framework; path = System/Library/Frameworks/Foundation.framework; sourceTree = SDKROOT; };
		C3488D241502B01400398321 /* CoreGraphics.framework */ = {isa = PBXFileReference; lastKnownFileType = wrapper.framework; name = CoreGraphics.framework; path = System/Library/Frameworks/CoreGraphics.framework; sourceTree = SDKROOT; };
		C3488D281502B01400398321 /* delit-Info.plist */ = {isa = PBXFileReference; lastKnownFileType = text.plist.xml; path = "delit-Info.plist"; sourceTree = "<group>"; };
		C3488D2A1502B01400398321 /* en */ = {isa = PBXFileReference; lastKnownFileType = text.plist.strings; name = en; path = en.lproj/InfoPlist.strings; sourceTree = "<group>"; };
		C3488D2C1502B01400398321 /* main.m */ = {isa = PBXFileReference; lastKnownFileType = sourcecode.c.objc; path = main.m; sourceTree = "<group>"; };
		C3488D2E1502B01400398321 /* delit-Prefix.pch */ = {isa = PBXFileReference; lastKnownFileType = sourcecode.c.h; path = "delit-Prefix.pch"; sourceTree = "<group>"; };
		C3488D2F1502B01400398321 /* AppDelegate.h */ = {isa = PBXFileReference; lastKnownFileType = sourcecode.c.h; path = AppDelegate.h; sourceTree = "<group>"; };
		C3488D301502B01400398321 /* AppDelegate.m */ = {isa = PBXFileReference; lastKnownFileType = sourcecode.c.objc; path = AppDelegate.m; sourceTree = "<group>"; };
		C3488D321502B01400398321 /* ViewController.h */ = {isa = PBXFileReference; lastKnownFileType = sourcecode.c.h; path = ViewController.h; sourceTree = "<group>"; };
		C3488D331502B01400398321 /* ViewController.m */ = {isa = PBXFileReference; lastKnownFileType = sourcecode.c.objc; path = ViewController.m; sourceTree = "<group>"; };
		C3488D361502B01400398321 /* en */ = {isa = PBXFileReference; lastKnownFileType = file.xib; name = en; path = en.lproj/ViewController.xib; sourceTree = "<group>"; };
/* End PBXFileReference section */

/* Begin PBXFrameworksBuildPhase section */
		C3488D191502B01400398321 /* Frameworks */ = {
			isa = PBXFrameworksBuildPhase;
			buildActionMask = 2147483647;
			files = (
				C3488D211502B01400398321 /* UIKit.framework in Frameworks */,
				C3488D231502B01400398321 /* Foundation.framework in Frameworks */,
				C3488D251502B01400398321 /* CoreGraphics.framework in Frameworks */,
			);
			runOnlyForDeploymentPostprocessing = 0;
		};
/* End PBXFrameworksBuildPhase section */

/* Begin PBXGroup section */
		C3488D111502B01400398321 = {
			isa = PBXGroup;
			children = (
				C3488D261502B01400398321 /* delit */,
				C3488D1F1502B01400398321 /* Frameworks */,
				C3488D1D1502B01400398321 /* Products */,
			);
			sourceTree = "<group>";
		};
		C3488D1D1502B01400398321 /* Products */ = {
			isa = PBXGroup;
			children = (
				C3488D1C1502B01400398321 /* delit.app */,
			);
			name = Products;
			sourceTree = "<group>";
		};
		C3488D1F1502B01400398321 /* Frameworks */ = {
			isa = PBXGroup;
			children = (
				C3488D201502B01400398321 /* UIKit.framework */,
				C3488D221502B01400398321 /* Foundation.framework */,
				C3488D241502B01400398321 /* CoreGraphics.framework */,
			);
			name = Frameworks;
			sourceTree = "<group>";
		};
		C3488D261502B01400398321 /* delit */ = {
			isa = PBXGroup;
			children = (
				C3488D2F1502B01400398321 /* AppDelegate.h */,
				C3488D301502B01400398321 /* AppDelegate.m */,
				C3488D321502B01400398321 /* ViewController.h */,
				C3488D331502B01400398321 /* ViewController.m */,
				C3488D351502B01400398321 /* ViewController.xib */,
				C3488D271502B01400398321 /* Supporting Files */,
			);
			path = delit;
			sourceTree = "<group>";
		};
		C3488D271502B01400398321 /* Supporting Files */ = {
			isa = PBXGroup;
			children = (
				C3488D281502B01400398321 /* delit-Info.plist */,
				C3488D291502B01400398321 /* InfoPlist.strings */,
				C3488D2C1502B01400398321 /* main.m */,
				C3488D2E1502B01400398321 /* delit-Prefix.pch */,
			);
			name = "Supporting Files";
			sourceTree = "<group>";
		};
/* End PBXGroup section */

/* Begin PBXNativeTarget section */
		C3488D1B1502B01400398321 /* delit */ = {
			isa = PBXNativeTarget;
			buildConfigurationList = C3488D3A1502B01400398321 /* Build configuration list for PBXNativeTarget "delit" */;
			buildPhases = (
				C3488D181502B01400398321 /* Sources */,
				C3488D191502B01400398321 /* Frameworks */,
				C3488D1A1502B01400398321 /* Resources */,
			);
			buildRules = (
			);
			dependencies = (
			);
			name = delit;
			productName = delit;
			productReference = C3488D1C1502B01400398321 /* delit.app */;
			productType = "com.apple.product-type.application";
		};
/* End PBXNativeTarget section */

/* Begin PBXProject section */
		C3488D131502B01400398321 /* Project object */ = {
			isa = PBXProject;
			attributes = {
				LastUpgradeCheck = 0420;
			};
			buildConfigurationList = C3488D161502B01400398321 /* Build configuration list for PBXProject "delit" */;
			compatibilityVersion = "Xcode 3.2";
			developmentRegion = English;
			hasScannedForEncodings = 0;
			knownRegions = (
				en,
			);
			mainGroup = C3488D111502B01400398321;
			productRefGroup = C3488D1D1502B01400398321 /* Products */;
			projectDirPath = "";
			projectRoot = "";
			targets = (
				C3488D1B1502B01400398321 /* delit */,
			);
		};
/* End PBXProject section */

/* Begin PBXResourcesBuildPhase section */
		C3488D1A1502B01400398321 /* Resources */ = {
			isa = PBXResourcesBuildPhase;
			buildActionMask = 2147483647;
			files = (
				C3488D2B1502B01400398321 /* InfoPlist.strings in Resources */,
				C3488D371502B01400398321 /* ViewController.xib in Resources */,
			);
			runOnlyForDeploymentPostprocessing = 0;
		};
/* End PBXResourcesBuildPhase section */

/* Begin PBXSourcesBuildPhase section */
		C3488D181502B01400398321 /* Sources */ = {
			isa = PBXSourcesBuildPhase;
			buildActionMask = 2147483647;
			files = (
				C3488D2D1502B01400398321 /* main.m in Sources */,
				C3488D311502B01400398321 /* AppDelegate.m in Sources */,
				C3488D341502B01400398321 /* ViewController.m in Sources */,
			);
			runOnlyForDeploymentPostprocessing = 0;
		};
/* End PBXSourcesBuildPhase section */

/* Begin PBXVariantGroup section */
		C3488D291502B01400398321 /* InfoPlist.strings */ = {
			isa = PBXVariantGroup;
			children = (
				C3488D2A1502B01400398321 /* en */,
			);
			name = InfoPlist.strings;
			sourceTree = "<group>";
		};
		C3488D351502B01400398321 /* ViewController.xib */ = {
			isa = PBXVariantGroup;
			children = (
				C3488D361502B01400398321 /* en */,
			);
			name = ViewController.xib;
			sourceTree = "<group>";
		};
/* End PBXVariantGroup section */

/* Begin XCBuildConfiguration section */
		C3488D381502B01400398321 /* Debug */ = {
			isa = XCBuildConfiguration;
			buildSettings = {
				ALWAYS_SEARCH_USER_PATHS = NO;
				ARCHS = "$(ARCHS_STANDARD_32_BIT)";
				"CODE_SIGN_IDENTITY[sdk=iphoneos*]" = "iPhone Developer";
				COPY_PHASE_STRIP = NO;
				GCC_C_LANGUAGE_STANDARD = gnu99;
				GCC_DYNAMIC_NO_PIC = NO;
				GCC_OPTIMIZATION_LEVEL = 0;
				GCC_PREPROCESSOR_DEFINITIONS = (
					"DEBUG=1",
					"$(inherited)",
				);
				GCC_SYMBOLS_PRIVATE_EXTERN = NO;
				GCC_VERSION = com.apple.compilers.llvm.clang.1_0;
				GCC_WARN_ABOUT_MISSING_PROTOTYPES = YES;
				GCC_WARN_ABOUT_RETURN_TYPE = YES;
				GCC_WARN_UNUSED_VARIABLE = YES;
				IPHONEOS_DEPLOYMENT_TARGET = 5.0;
				SDKROOT = iphoneos;
			};
			name = Debug;
		};
		C3488D391502B01400398321 /* Release */ = {
			isa = XCBuildConfiguration;
			buildSettings = {
				ALWAYS_SEARCH_USER_PATHS = NO;
				ARCHS = "$(ARCHS_STANDARD_32_BIT)";
				"CODE_SIGN_IDENTITY[sdk=iphoneos*]" = "iPhone Developer";
				COPY_PHASE_STRIP = YES;
				GCC_C_LANGUAGE_STANDARD = gnu99;
				GCC_VERSION = com.apple.compilers.llvm.clang.1_0;
				GCC_WARN_ABOUT_MISSING_PROTOTYPES = YES;
				GCC_WARN_ABOUT_RETURN_TYPE = YES;
				GCC_WARN_UNUSED_VARIABLE = YES;
				IPHONEOS_DEPLOYMENT_TARGET = 5.0;
				OTHER_CFLAGS = "-DNS_BLOCK_ASSERTIONS=1";
				SDKROOT = iphoneos;
				VALIDATE_PRODUCT = YES;
			};
			name = Release;
		};
		C3488D3B1502B01400398321 /* Debug */ = {
			isa = XCBuildConfiguration;
			buildSettings = {
				GCC_PRECOMPILE_PREFIX_HEADER = YES;
				GCC_PREFIX_HEADER = "delit/delit-Prefix.pch";
				INFOPLIST_FILE = "delit/delit-Info.plist";
				PRODUCT_NAME = "$(TARGET_NAME)";
				WRAPPER_EXTENSION = app;
			};
			name = Debug;
		};
		C3488D3C1502B01400398321 /* Release */ = {
			isa = XCBuildConfiguration;
			buildSettings = {
				GCC_PRECOMPILE_PREFIX_HEADER = YES;
				GCC_PREFIX_HEADER = "delit/delit-Prefix.pch";
				INFOPLIST_FILE = "delit/delit-Info.plist";
				PRODUCT_NAME = "$(TARGET_NAME)";
				WRAPPER_EXTENSION = app;
			};
			name = Release;
		};
/* End XCBuildConfiguration section */

/* Begin XCConfigurationList section */
		C3488D161502B01400398321 /* Build configuration list for PBXProject "delit" */ = {
			isa = XCConfigurationList;
			buildConfigurations = (
				C3488D381502B01400398321 /* Debug */,
				C3488D391502B01400398321 /* Release */,
			);
			defaultConfigurationIsVisible = 0;
			defaultConfigurationName = Release;
		};
		C3488D3A1502B01400398321 /* Build configuration list for PBXNativeTarget "delit" */ = {
			isa = XCConfigurationList;
			buildConfigurations = (
				C3488D3B1502B01400398321 /* Debug */,
				C3488D3C1502B01400398321 /* Release */,
			);
			defaultConfigurationIsVisible = 0;
		};
/* End XCConfigurationList section */
	};
	rootObject = C3488D131502B01400398321 /* Project object */;
}
